{
  "version": 4,
  "terraform_version": "1.11.4",
  "serial": 60,
  "lineage": "d1933d48-0c07-b1ca-e4d3-aaa9732a2330",
  "outputs": {},
  "resources": [
    {
      "module": "module.backend_subnet",
      "mode": "managed",
      "type": "azurerm_subnet",
      "name": "subnet",
      "provider": "provider[\"registry.terraform.io/hashicorp/azurerm\"]",
      "instances": [
        {
          "schema_version": 0,
          "attributes": {
            "address_prefixes": [
              "10.0.2.0/24"
            ],
            "default_outbound_access_enabled": true,
            "delegation": [],
            "id": "/subscriptions/a7d5c3b8-efab-4b09-938f-ce6ca000d654/resourceGroups/faadu-rg/providers/Microsoft.Network/virtualNetworks/faadu-vnet/subnets/backend_subnet",
            "name": "backend_subnet",
            "private_endpoint_network_policies": "Disabled",
            "private_link_service_network_policies_enabled": true,
            "resource_group_name": "faadu-rg",
            "service_endpoint_policy_ids": [],
            "service_endpoints": [],
            "timeouts": null,
            "virtual_network_name": "faadu-vnet"
          },
          "sensitive_attributes": [],
          "private": "eyJlMmJmYjczMC1lY2FhLTExZTYtOGY4OC0zNDM2M2JjN2M0YzAiOnsiY3JlYXRlIjoxODAwMDAwMDAwMDAwLCJkZWxldGUiOjE4MDAwMDAwMDAwMDAsInJlYWQiOjMwMDAwMDAwMDAwMCwidXBkYXRlIjoxODAwMDAwMDAwMDAwfX0=",
          "dependencies": [
            "module.resource_group.azurerm_resource_group.resource_group",
            "module.virtual_network.azurerm_virtual_network.virtual_network"
          ]
        }
      ]
    },
    {
      "module": "module.frontend_Public_ip",
      "mode": "managed",
      "type": "azurerm_public_ip",
      "name": "pip",
      "provider": "provider[\"registry.terraform.io/hashicorp/azurerm\"]",
      "instances": [
        {
          "schema_version": 0,
          "attributes": {
            "allocation_method": "Static",
            "ddos_protection_mode": "VirtualNetworkInherited",
            "ddos_protection_plan_id": null,
            "domain_name_label": null,
            "domain_name_label_scope": null,
            "edge_zone": "",
            "fqdn": null,
            "id": "/subscriptions/a7d5c3b8-efab-4b09-938f-ce6ca000d654/resourceGroups/faadu-rg/providers/Microsoft.Network/publicIPAddresses/frontend-pip",
            "idle_timeout_in_minutes": 4,
            "ip_address": "4.197.99.43",
            "ip_tags": null,
            "ip_version": "IPv4",
            "location": "australiaeast",
            "name": "frontend-pip",
            "public_ip_prefix_id": null,
            "resource_group_name": "faadu-rg",
            "reverse_fqdn": null,
            "sku": "Standard",
            "sku_tier": "Regional",
            "tags": null,
            "timeouts": null,
            "zones": null
          },
          "sensitive_attributes": [],
          "private": "eyJlMmJmYjczMC1lY2FhLTExZTYtOGY4OC0zNDM2M2JjN2M0YzAiOnsiY3JlYXRlIjoxODAwMDAwMDAwMDAwLCJkZWxldGUiOjE4MDAwMDAwMDAwMDAsInJlYWQiOjMwMDAwMDAwMDAwMCwidXBkYXRlIjoxODAwMDAwMDAwMDAwfX0=",
          "dependencies": [
            "module.frontend_subnet.azurerm_subnet.subnet",
            "module.resource_group.azurerm_resource_group.resource_group",
            "module.virtual_network.azurerm_virtual_network.virtual_network"
          ]
        }
      ]
    },
    {
      "module": "module.frontend_subnet",
      "mode": "managed",
      "type": "azurerm_subnet",
      "name": "subnet",
      "provider": "provider[\"registry.terraform.io/hashicorp/azurerm\"]",
      "instances": [
        {
          "schema_version": 0,
          "attributes": {
            "address_prefixes": [
              "10.0.1.0/24"
            ],
            "default_outbound_access_enabled": true,
            "delegation": [],
            "id": "/subscriptions/a7d5c3b8-efab-4b09-938f-ce6ca000d654/resourceGroups/faadu-rg/providers/Microsoft.Network/virtualNetworks/faadu-vnet/subnets/frontend_subnet",
            "name": "frontend_subnet",
            "private_endpoint_network_policies": "Disabled",
            "private_link_service_network_policies_enabled": true,
            "resource_group_name": "faadu-rg",
            "service_endpoint_policy_ids": [],
            "service_endpoints": [],
            "timeouts": null,
            "virtual_network_name": "faadu-vnet"
          },
          "sensitive_attributes": [],
          "private": "eyJlMmJmYjczMC1lY2FhLTExZTYtOGY4OC0zNDM2M2JjN2M0YzAiOnsiY3JlYXRlIjoxODAwMDAwMDAwMDAwLCJkZWxldGUiOjE4MDAwMDAwMDAwMDAsInJlYWQiOjMwMDAwMDAwMDAwMCwidXBkYXRlIjoxODAwMDAwMDAwMDAwfX0=",
          "dependencies": [
            "module.resource_group.azurerm_resource_group.resource_group",
            "module.virtual_network.azurerm_virtual_network.virtual_network"
          ]
        }
      ]
    },
    {
      "module": "module.resource_group",
      "mode": "managed",
      "type": "azurerm_resource_group",
      "name": "resource_group",
      "provider": "provider[\"registry.terraform.io/hashicorp/azurerm\"]",
      "instances": [
        {
          "schema_version": 0,
          "attributes": {
            "id": "/subscriptions/a7d5c3b8-efab-4b09-938f-ce6ca000d654/resourceGroups/faadu-rg",
            "location": "australiaeast",
            "managed_by": "",
            "name": "faadu-rg",
            "tags": {},
            "timeouts": null
          },
          "sensitive_attributes": [],
          "private": "eyJlMmJmYjczMC1lY2FhLTExZTYtOGY4OC0zNDM2M2JjN2M0YzAiOnsiY3JlYXRlIjo1NDAwMDAwMDAwMDAwLCJkZWxldGUiOjU0MDAwMDAwMDAwMDAsInJlYWQiOjMwMDAwMDAwMDAwMCwidXBkYXRlIjo1NDAwMDAwMDAwMDAwfX0="
        }
      ]
    },
    {
      "module": "module.virtual_network",
      "mode": "managed",
      "type": "azurerm_virtual_network",
      "name": "virtual_network",
      "provider": "provider[\"registry.terraform.io/hashicorp/azurerm\"]",
      "instances": [
        {
          "schema_version": 0,
          "attributes": {
            "address_space": [
              "10.0.0.0/16"
            ],
            "bgp_community": "",
            "ddos_protection_plan": [],
            "dns_servers": [],
            "edge_zone": "",
            "encryption": [],
            "flow_timeout_in_minutes": 0,
            "guid": "4c1ca1ed-da35-4f92-b1d0-b57d8d6c1d35",
            "id": "/subscriptions/a7d5c3b8-efab-4b09-938f-ce6ca000d654/resourceGroups/faadu-rg/providers/Microsoft.Network/virtualNetworks/faadu-vnet",
            "ip_address_pool": [],
            "location": "australiaeast",
            "name": "faadu-vnet",
            "private_endpoint_vnet_policies": "Disabled",
            "resource_group_name": "faadu-rg",
            "subnet": [
              {
                "address_prefixes": [
                  "10.0.1.0/24"
                ],
                "default_outbound_access_enabled": true,
                "delegation": [],
                "id": "/subscriptions/a7d5c3b8-efab-4b09-938f-ce6ca000d654/resourceGroups/faadu-rg/providers/Microsoft.Network/virtualNetworks/faadu-vnet/subnets/frontend_subnet",
                "name": "frontend_subnet",
                "private_endpoint_network_policies": "Disabled",
                "private_link_service_network_policies_enabled": true,
                "route_table_id": "",
                "security_group": "",
                "service_endpoint_policy_ids": [],
                "service_endpoints": []
              },
              {
                "address_prefixes": [
                  "10.0.2.0/24"
                ],
                "default_outbound_access_enabled": true,
                "delegation": [],
                "id": "/subscriptions/a7d5c3b8-efab-4b09-938f-ce6ca000d654/resourceGroups/faadu-rg/providers/Microsoft.Network/virtualNetworks/faadu-vnet/subnets/backend_subnet",
                "name": "backend_subnet",
                "private_endpoint_network_policies": "Disabled",
                "private_link_service_network_policies_enabled": true,
                "route_table_id": "",
                "security_group": "",
                "service_endpoint_policy_ids": [],
                "service_endpoints": []
              }
            ],
            "tags": {},
            "timeouts": null
          },
          "sensitive_attributes": [],
          "private": "eyJlMmJmYjczMC1lY2FhLTExZTYtOGY4OC0zNDM2M2JjN2M0YzAiOnsiY3JlYXRlIjoxODAwMDAwMDAwMDAwLCJkZWxldGUiOjE4MDAwMDAwMDAwMDAsInJlYWQiOjMwMDAwMDAwMDAwMCwidXBkYXRlIjoxODAwMDAwMDAwMDAwfX0=",
          "dependencies": [
            "module.resource_group.azurerm_resource_group.resource_group"
          ]
        }
      ]
    }
  ],
  "check_results": null
}
